schema: '2.0'
stages:
  data_ingestion:
    cmd: python src/data_ingestion.py
    deps:
    - path: src/data_ingestion.py
      hash: md5
      md5: 072bf5040dfda28c8125f0f8ac47bc43
      size: 1943
    params:
      params.yaml:
        data_ingestion.test_size: 0.4
    outs:
    - path: data/raw
      hash: md5
      md5: 3091cf2451ef9fcfc6a04911f5e8e12d.dir
      size: 1070558
      nfiles: 2
  data_preprocessing:
    cmd: python src/data_preprocesing.py
    deps:
    - path: data/raw
      hash: md5
      md5: 3091cf2451ef9fcfc6a04911f5e8e12d.dir
      size: 1070558
      nfiles: 2
    - path: src/data_preprocesing.py
      hash: md5
      md5: f7ce00687ea5fa3878c1337d2e98effc
      size: 2349
    outs:
    - path: data/processed
      hash: md5
      md5: f455b67c58aa7be4fd2238529b8f503d.dir
      size: 824822
      nfiles: 2
  feature_engineering:
    cmd: python src/feature_engineering.py
    deps:
    - path: data/processed
      hash: md5
      md5: f455b67c58aa7be4fd2238529b8f503d.dir
      size: 824822
      nfiles: 2
    - path: src/feature_engineering.py
      hash: md5
      md5: 22f7a2750afba34379df25c96736d305
      size: 1293
    params:
      params.yaml:
        feature_engineering.max_features: 10
    outs:
    - path: data/features
      hash: md5
      md5: ab687f772aa4f975adc739c14ac2ac25.dir
      size: 370515
      nfiles: 2
  model_building:
    cmd: python src/model_building.py
    deps:
    - path: data/features
      hash: md5
      md5: ab687f772aa4f975adc739c14ac2ac25.dir
      size: 370515
      nfiles: 2
    - path: src/model_building.py
      hash: md5
      md5: c05724b35b8f8926d3067ffaa72a362f
      size: 590
    params:
      params.yaml:
        model_building.learning_rate: 0.4
        model_building.n_estimators: 25
    outs:
    - path: model.pkl
      hash: md5
      md5: ee42a040b551908c989e78c6b364c14a
      size: 35519
  model_evaluation:
    cmd: python src/model_evaluation.py
    deps:
    - path: model.pkl
      hash: md5
      md5: ee42a040b551908c989e78c6b364c14a
      size: 35519
    - path: src/model_evaluation.py
      hash: md5
      md5: 36e9126fe15c726532a0e582d55e1ea6
      size: 823
    outs:
    - path: metrics.json
      hash: md5
      md5: 00cabbe376993d205a87b9043fa76629
      size: 140
